
Microsoft Visual Studio Solution File, Format Version 12.00
# Visual Studio Version 17
VisualStudioVersion = 17.10.35122.118
MinimumVisualStudioVersion = 10.0.40219.1
Project("{FAE04EC0-301F-11D3-BF4B-00C04F79EFBC}") = "Lista de Tarefas", "Lista de Tarefas\Lista de Tarefas.csproj", "{125380B9-084A-4BC1-B312-9B2D14237809}"
EndProject
Global
	GlobalSection(SolutionConfigurationPlatforms) = preSolution
		Debug|Any CPU = Debug|Any CPU
		Release|Any CPU = Release|Any CPU
	EndGlobalSection
	GlobalSection(ProjectConfigurationPlatforms) = postSolution
		{125380B9-084A-4BC1-B312-9B2D14237809}.Debug|Any CPU.ActiveCfg = Debug|Any CPU
		{125380B9-084A-4BC1-B312-9B2D14237809}.Debug|Any CPU.Build.0 = Debug|Any CPU
		{125380B9-084A-4BC1-B312-9B2D14237809}.Release|Any CPU.ActiveCfg = Release|Any CPU
		{125380B9-084A-4BC1-B312-9B2D14237809}.Release|Any CPU.Build.0 = Release|Any CPU
	EndGlobalSection
	GlobalSection(SolutionProperties) = preSolution
		HideSolutionNode = FALSE
	EndGlobalSection
	GlobalSection(ExtensibilityGlobals) = postSolution
		SolutionGuid = {1532239C-14A6-4B36-BB36-A7F3DD87AA50}
	EndGlobalSection
EndGlobal
